// !$*UTF8*$!
{
	archiveVersion = 1;
	classes = {
	};
	objectVersion = 46;
	objects = {

/* Begin PBXBuildFile section */
		3A4539851E6CF22100B908E3 /* main.m in Sources */ = {isa = PBXBuildFile; fileRef = 3A4539841E6CF22100B908E3 /* main.m */; };
		3A4539881E6CF22100B908E3 /* AppDelegate.m in Sources */ = {isa = PBXBuildFile; fileRef = 3A4539871E6CF22100B908E3 /* AppDelegate.m */; };
		3A45398B1E6CF22100B908E3 /* ViewController.m in Sources */ = {isa = PBXBuildFile; fileRef = 3A45398A1E6CF22100B908E3 /* ViewController.m */; };
		3A45398E1E6CF22100B908E3 /* Main.storyboard in Resources */ = {isa = PBXBuildFile; fileRef = 3A45398C1E6CF22100B908E3 /* Main.storyboard */; };
		3A4539901E6CF22100B908E3 /* Assets.xcassets in Resources */ = {isa = PBXBuildFile; fileRef = 3A45398F1E6CF22100B908E3 /* Assets.xcassets */; };
		3A4539931E6CF22100B908E3 /* LaunchScreen.storyboard in Resources */ = {isa = PBXBuildFile; fileRef = 3A4539911E6CF22100B908E3 /* LaunchScreen.storyboard */; };
		3A45399C1E6CF7EF00B908E3 /* Base64Method.m in Sources */ = {isa = PBXBuildFile; fileRef = 3A45399B1E6CF7EF00B908E3 /* Base64Method.m */; };
		3A4539AA1E6CFD1E00B908E3 /* NSString+MD5Addition.m in Sources */ = {isa = PBXBuildFile; fileRef = 3A4539A61E6CFD1E00B908E3 /* NSString+MD5Addition.m */; };
		3A4539AB1E6CFD1E00B908E3 /* NSString+Hashing.m in Sources */ = {isa = PBXBuildFile; fileRef = 3A4539A91E6CFD1E00B908E3 /* NSString+Hashing.m */; };
		3A4539B11E6D010C00B908E3 /* NSData+AES256.m in Sources */ = {isa = PBXBuildFile; fileRef = 3A4539B01E6D010C00B908E3 /* NSData+AES256.m */; };
		3A4539B41E6D066B00B908E3 /* NSString+AES256.m in Sources */ = {isa = PBXBuildFile; fileRef = 3A4539B31E6D066B00B908E3 /* NSString+AES256.m */; };
		3A4539BA1E6D3A2600B908E3 /* RSA.m in Sources */ = {isa = PBXBuildFile; fileRef = 3A4539B91E6D3A2600B908E3 /* RSA.m */; };
		3A4539BD1E6D45C000B908E3 /* rsa_private_key.pem in Resources */ = {isa = PBXBuildFile; fileRef = 3A4539BB1E6D45C000B908E3 /* rsa_private_key.pem */; };
		3A4539BE1E6D45C000B908E3 /* rsa_public_key.pem in Resources */ = {isa = PBXBuildFile; fileRef = 3A4539BC1E6D45C000B908E3 /* rsa_public_key.pem */; };
		3A4539DA1E6D543B00B908E3 /* NSData+Base64.m in Sources */ = {isa = PBXBuildFile; fileRef = 3A4539D31E6D543B00B908E3 /* NSData+Base64.m */; };
		3A4539DB1E6D543B00B908E3 /* NSString+Base64.m in Sources */ = {isa = PBXBuildFile; fileRef = 3A4539D51E6D543B00B908E3 /* NSString+Base64.m */; };
		3A4539DC1E6D543B00B908E3 /* private_key.p12 in Resources */ = {isa = PBXBuildFile; fileRef = 3A4539D61E6D543B00B908E3 /* private_key.p12 */; };
		3A4539DD1E6D543B00B908E3 /* public_key.der in Resources */ = {isa = PBXBuildFile; fileRef = 3A4539D71E6D543B00B908E3 /* public_key.der */; };
		3A4539DE1E6D543B00B908E3 /* RSAEncryptor.m in Sources */ = {isa = PBXBuildFile; fileRef = 3A4539D91E6D543B00B908E3 /* RSAEncryptor.m */; };
		3A4539E31E6D6F3F00B908E3 /* RSAUtil.m in Sources */ = {isa = PBXBuildFile; fileRef = 3A4539E21E6D6F3F00B908E3 /* RSAUtil.m */; };
/* End PBXBuildFile section */

/* Begin PBXFileReference section */
		3A4539801E6CF22100B908E3 /* AESDemo.app */ = {isa = PBXFileReference; explicitFileType = wrapper.application; includeInIndex = 0; path = AESDemo.app; sourceTree = BUILT_PRODUCTS_DIR; };
		3A4539841E6CF22100B908E3 /* main.m */ = {isa = PBXFileReference; lastKnownFileType = sourcecode.c.objc; path = main.m; sourceTree = "<group>"; };
		3A4539861E6CF22100B908E3 /* AppDelegate.h */ = {isa = PBXFileReference; lastKnownFileType = sourcecode.c.h; path = AppDelegate.h; sourceTree = "<group>"; };
		3A4539871E6CF22100B908E3 /* AppDelegate.m */ = {isa = PBXFileReference; lastKnownFileType = sourcecode.c.objc; path = AppDelegate.m; sourceTree = "<group>"; };
		3A4539891E6CF22100B908E3 /* ViewController.h */ = {isa = PBXFileReference; lastKnownFileType = sourcecode.c.h; path = ViewController.h; sourceTree = "<group>"; };
		3A45398A1E6CF22100B908E3 /* ViewController.m */ = {isa = PBXFileReference; lastKnownFileType = sourcecode.c.objc; path = ViewController.m; sourceTree = "<group>"; };
		3A45398D1E6CF22100B908E3 /* Base */ = {isa = PBXFileReference; lastKnownFileType = file.storyboard; name = Base; path = Base.lproj/Main.storyboard; sourceTree = "<group>"; };
		3A45398F1E6CF22100B908E3 /* Assets.xcassets */ = {isa = PBXFileReference; lastKnownFileType = folder.assetcatalog; path = Assets.xcassets; sourceTree = "<group>"; };
		3A4539921E6CF22100B908E3 /* Base */ = {isa = PBXFileReference; lastKnownFileType = file.storyboard; name = Base; path = Base.lproj/LaunchScreen.storyboard; sourceTree = "<group>"; };
		3A4539941E6CF22100B908E3 /* Info.plist */ = {isa = PBXFileReference; lastKnownFileType = text.plist.xml; path = Info.plist; sourceTree = "<group>"; };
		3A45399A1E6CF7EF00B908E3 /* Base64Method.h */ = {isa = PBXFileReference; fileEncoding = 4; lastKnownFileType = sourcecode.c.h; path = Base64Method.h; sourceTree = "<group>"; };
		3A45399B1E6CF7EF00B908E3 /* Base64Method.m */ = {isa = PBXFileReference; fileEncoding = 4; lastKnownFileType = sourcecode.c.objc; path = Base64Method.m; sourceTree = "<group>"; };
		3A4539A51E6CFD1E00B908E3 /* NSString+MD5Addition.h */ = {isa = PBXFileReference; fileEncoding = 4; lastKnownFileType = sourcecode.c.h; path = "NSString+MD5Addition.h"; sourceTree = "<group>"; };
		3A4539A61E6CFD1E00B908E3 /* NSString+MD5Addition.m */ = {isa = PBXFileReference; fileEncoding = 4; lastKnownFileType = sourcecode.c.objc; path = "NSString+MD5Addition.m"; sourceTree = "<group>"; };
		3A4539A81E6CFD1E00B908E3 /* NSString+Hashing.h */ = {isa = PBXFileReference; fileEncoding = 4; lastKnownFileType = sourcecode.c.h; path = "NSString+Hashing.h"; sourceTree = "<group>"; };
		3A4539A91E6CFD1E00B908E3 /* NSString+Hashing.m */ = {isa = PBXFileReference; fileEncoding = 4; lastKnownFileType = sourcecode.c.objc; path = "NSString+Hashing.m"; sourceTree = "<group>"; };
		3A4539AF1E6D010C00B908E3 /* NSData+AES256.h */ = {isa = PBXFileReference; fileEncoding = 4; lastKnownFileType = sourcecode.c.h; path = "NSData+AES256.h"; sourceTree = "<group>"; };
		3A4539B01E6D010C00B908E3 /* NSData+AES256.m */ = {isa = PBXFileReference; fileEncoding = 4; lastKnownFileType = sourcecode.c.objc; path = "NSData+AES256.m"; sourceTree = "<group>"; };
		3A4539B21E6D066B00B908E3 /* NSString+AES256.h */ = {isa = PBXFileReference; fileEncoding = 4; lastKnownFileType = sourcecode.c.h; path = "NSString+AES256.h"; sourceTree = "<group>"; };
		3A4539B31E6D066B00B908E3 /* NSString+AES256.m */ = {isa = PBXFileReference; fileEncoding = 4; lastKnownFileType = sourcecode.c.objc; path = "NSString+AES256.m"; sourceTree = "<group>"; };
		3A4539B81E6D3A2600B908E3 /* RSA.h */ = {isa = PBXFileReference; fileEncoding = 4; lastKnownFileType = sourcecode.c.h; path = RSA.h; sourceTree = "<group>"; };
		3A4539B91E6D3A2600B908E3 /* RSA.m */ = {isa = PBXFileReference; fileEncoding = 4; lastKnownFileType = sourcecode.c.objc; path = RSA.m; sourceTree = "<group>"; };
		3A4539BB1E6D45C000B908E3 /* rsa_private_key.pem */ = {isa = PBXFileReference; fileEncoding = 4; lastKnownFileType = text; path = rsa_private_key.pem; sourceTree = "<group>"; };
		3A4539BC1E6D45C000B908E3 /* rsa_public_key.pem */ = {isa = PBXFileReference; fileEncoding = 4; lastKnownFileType = text; path = rsa_public_key.pem; sourceTree = "<group>"; };
		3A4539D21E6D543B00B908E3 /* NSData+Base64.h */ = {isa = PBXFileReference; fileEncoding = 4; lastKnownFileType = sourcecode.c.h; path = "NSData+Base64.h"; sourceTree = "<group>"; };
		3A4539D31E6D543B00B908E3 /* NSData+Base64.m */ = {isa = PBXFileReference; fileEncoding = 4; lastKnownFileType = sourcecode.c.objc; path = "NSData+Base64.m"; sourceTree = "<group>"; };
		3A4539D41E6D543B00B908E3 /* NSString+Base64.h */ = {isa = PBXFileReference; fileEncoding = 4; lastKnownFileType = sourcecode.c.h; path = "NSString+Base64.h"; sourceTree = "<group>"; };
		3A4539D51E6D543B00B908E3 /* NSString+Base64.m */ = {isa = PBXFileReference; fileEncoding = 4; lastKnownFileType = sourcecode.c.objc; path = "NSString+Base64.m"; sourceTree = "<group>"; };
		3A4539D61E6D543B00B908E3 /* private_key.p12 */ = {isa = PBXFileReference; lastKnownFileType = file; path = private_key.p12; sourceTree = "<group>"; };
		3A4539D71E6D543B00B908E3 /* public_key.der */ = {isa = PBXFileReference; lastKnownFileType = file; path = public_key.der; sourceTree = "<group>"; };
		3A4539D81E6D543B00B908E3 /* RSAEncryptor.h */ = {isa = PBXFileReference; fileEncoding = 4; lastKnownFileType = sourcecode.c.h; path = RSAEncryptor.h; sourceTree = "<group>"; };
		3A4539D91E6D543B00B908E3 /* RSAEncryptor.m */ = {isa = PBXFileReference; fileEncoding = 4; lastKnownFileType = sourcecode.c.objc; path = RSAEncryptor.m; sourceTree = "<group>"; };
		3A4539E11E6D6F3F00B908E3 /* RSAUtil.h */ = {isa = PBXFileReference; fileEncoding = 4; lastKnownFileType = sourcecode.c.h; path = RSAUtil.h; sourceTree = "<group>"; };
		3A4539E21E6D6F3F00B908E3 /* RSAUtil.m */ = {isa = PBXFileReference; fileEncoding = 4; lastKnownFileType = sourcecode.c.objc; path = RSAUtil.m; sourceTree = "<group>"; };
		3A4539E41E6D70D200B908E3 /* AESDemo.entitlements */ = {isa = PBXFileReference; lastKnownFileType = text.plist.entitlements; path = AESDemo.entitlements; sourceTree = "<group>"; };
/* End PBXFileReference section */

/* Begin PBXFrameworksBuildPhase section */
		3A45397D1E6CF22100B908E3 /* Frameworks */ = {
			isa = PBXFrameworksBuildPhase;
			buildActionMask = 2147483647;
			files = (
			);
			runOnlyForDeploymentPostprocessing = 0;
		};
/* End PBXFrameworksBuildPhase section */

/* Begin PBXGroup section */
		3A4539771E6CF22100B908E3 = {
			isa = PBXGroup;
			children = (
				3A4539BB1E6D45C000B908E3 /* rsa_private_key.pem */,
				3A4539BC1E6D45C000B908E3 /* rsa_public_key.pem */,
				3A4539821E6CF22100B908E3 /* AESDemo */,
				3A4539811E6CF22100B908E3 /* Products */,
			);
			sourceTree = "<group>";
		};
		3A4539811E6CF22100B908E3 /* Products */ = {
			isa = PBXGroup;
			children = (
				3A4539801E6CF22100B908E3 /* AESDemo.app */,
			);
			name = Products;
			sourceTree = "<group>";
		};
		3A4539821E6CF22100B908E3 /* AESDemo */ = {
			isa = PBXGroup;
			children = (
				3A4539E41E6D70D200B908E3 /* AESDemo.entitlements */,
				3A4539E01E6D6F2A00B908E3 /* RSAUtil */,
				3A4539D11E6D541F00B908E3 /* RSA */,
				3A4539861E6CF22100B908E3 /* AppDelegate.h */,
				3A4539871E6CF22100B908E3 /* AppDelegate.m */,
				3A4539891E6CF22100B908E3 /* ViewController.h */,
				3A45398A1E6CF22100B908E3 /* ViewController.m */,
				3A45399A1E6CF7EF00B908E3 /* Base64Method.h */,
				3A45399B1E6CF7EF00B908E3 /* Base64Method.m */,
				3A4539AF1E6D010C00B908E3 /* NSData+AES256.h */,
				3A4539B01E6D010C00B908E3 /* NSData+AES256.m */,
				3A4539B21E6D066B00B908E3 /* NSString+AES256.h */,
				3A4539B31E6D066B00B908E3 /* NSString+AES256.m */,
				3A4539B81E6D3A2600B908E3 /* RSA.h */,
				3A4539B91E6D3A2600B908E3 /* RSA.m */,
				3A4539A31E6CFD1E00B908E3 /* MD5 */,
				3A45398C1E6CF22100B908E3 /* Main.storyboard */,
				3A45398F1E6CF22100B908E3 /* Assets.xcassets */,
				3A4539911E6CF22100B908E3 /* LaunchScreen.storyboard */,
				3A4539941E6CF22100B908E3 /* Info.plist */,
				3A4539831E6CF22100B908E3 /* Supporting Files */,
			);
			path = AESDemo;
			sourceTree = "<group>";
		};
		3A4539831E6CF22100B908E3 /* Supporting Files */ = {
			isa = PBXGroup;
			children = (
				3A4539841E6CF22100B908E3 /* main.m */,
			);
			name = "Supporting Files";
			sourceTree = "<group>";
		};
		3A4539A31E6CFD1E00B908E3 /* MD5 */ = {
			isa = PBXGroup;
			children = (
				3A4539A41E6CFD1E00B908E3 /* MD5Addition */,
				3A4539A71E6CFD1E00B908E3 /* MD5Hash */,
			);
			path = MD5;
			sourceTree = "<group>";
		};
		3A4539A41E6CFD1E00B908E3 /* MD5Addition */ = {
			isa = PBXGroup;
			children = (
				3A4539A51E6CFD1E00B908E3 /* NSString+MD5Addition.h */,
				3A4539A61E6CFD1E00B908E3 /* NSString+MD5Addition.m */,
			);
			path = MD5Addition;
			sourceTree = "<group>";
		};
		3A4539A71E6CFD1E00B908E3 /* MD5Hash */ = {
			isa = PBXGroup;
			children = (
				3A4539A81E6CFD1E00B908E3 /* NSString+Hashing.h */,
				3A4539A91E6CFD1E00B908E3 /* NSString+Hashing.m */,
			);
			path = MD5Hash;
			sourceTree = "<group>";
		};
		3A4539D11E6D541F00B908E3 /* RSA */ = {
			isa = PBXGroup;
			children = (
				3A4539D21E6D543B00B908E3 /* NSData+Base64.h */,
				3A4539D31E6D543B00B908E3 /* NSData+Base64.m */,
				3A4539D41E6D543B00B908E3 /* NSString+Base64.h */,
				3A4539D51E6D543B00B908E3 /* NSString+Base64.m */,
				3A4539D61E6D543B00B908E3 /* private_key.p12 */,
				3A4539D71E6D543B00B908E3 /* public_key.der */,
				3A4539D81E6D543B00B908E3 /* RSAEncryptor.h */,
				3A4539D91E6D543B00B908E3 /* RSAEncryptor.m */,
			);
			path = RSA;
			sourceTree = "<group>";
		};
		3A4539E01E6D6F2A00B908E3 /* RSAUtil */ = {
			isa = PBXGroup;
			children = (
				3A4539E11E6D6F3F00B908E3 /* RSAUtil.h */,
				3A4539E21E6D6F3F00B908E3 /* RSAUtil.m */,
			);
			path = RSAUtil;
			sourceTree = "<group>";
		};
/* End PBXGroup section */

/* Begin PBXNativeTarget section */
		3A45397F1E6CF22100B908E3 /* AESDemo */ = {
			isa = PBXNativeTarget;
			buildConfigurationList = 3A4539971E6CF22100B908E3 /* Build configuration list for PBXNativeTarget "AESDemo" */;
			buildPhases = (
				3A45397C1E6CF22100B908E3 /* Sources */,
				3A45397D1E6CF22100B908E3 /* Frameworks */,
				3A45397E1E6CF22100B908E3 /* Resources */,
			);
			buildRules = (
			);
			dependencies = (
			);
			name = AESDemo;
			productName = AESDemo;
			productReference = 3A4539801E6CF22100B908E3 /* AESDemo.app */;
			productType = "com.apple.product-type.application";
		};
/* End PBXNativeTarget section */

/* Begin PBXProject section */
		3A4539781E6CF22100B908E3 /* Project object */ = {
			isa = PBXProject;
			attributes = {
				LastUpgradeCheck = 0810;
				ORGANIZATIONNAME = "Yioks-Mac";
				TargetAttributes = {
					3A45397F1E6CF22100B908E3 = {
						CreatedOnToolsVersion = 8.1;
						DevelopmentTeam = YJRKEB8VKU;
						ProvisioningStyle = Automatic;
						SystemCapabilities = {
							com.apple.Keychain = {
								enabled = 1;
							};
						};
					};
				};
			};
			buildConfigurationList = 3A45397B1E6CF22100B908E3 /* Build configuration list for PBXProject "AESDemo" */;
			compatibilityVersion = "Xcode 3.2";
			developmentRegion = English;
			hasScannedForEncodings = 0;
			knownRegions = (
				en,
				Base,
			);
			mainGroup = 3A4539771E6CF22100B908E3;
			productRefGroup = 3A4539811E6CF22100B908E3 /* Products */;
			projectDirPath = "";
			projectRoot = "";
			targets = (
				3A45397F1E6CF22100B908E3 /* AESDemo */,
			);
		};
/* End PBXProject section */

/* Begin PBXResourcesBuildPhase section */
		3A45397E1E6CF22100B908E3 /* Resources */ = {
			isa = PBXResourcesBuildPhase;
			buildActionMask = 2147483647;
			files = (
				3A4539931E6CF22100B908E3 /* LaunchScreen.storyboard in Resources */,
				3A4539BE1E6D45C000B908E3 /* rsa_public_key.pem in Resources */,
				3A4539901E6CF22100B908E3 /* Assets.xcassets in Resources */,
				3A45398E1E6CF22100B908E3 /* Main.storyboard in Resources */,
				3A4539BD1E6D45C000B908E3 /* rsa_private_key.pem in Resources */,
				3A4539DD1E6D543B00B908E3 /* public_key.der in Resources */,
				3A4539DC1E6D543B00B908E3 /* private_key.p12 in Resources */,
			);
			runOnlyForDeploymentPostprocessing = 0;
		};
/* End PBXResourcesBuildPhase section */

/* Begin PBXSourcesBuildPhase section */
		3A45397C1E6CF22100B908E3 /* Sources */ = {
			isa = PBXSourcesBuildPhase;
			buildActionMask = 2147483647;
			files = (
				3A4539DB1E6D543B00B908E3 /* NSString+Base64.m in Sources */,
				3A45398B1E6CF22100B908E3 /* ViewController.m in Sources */,
				3A4539881E6CF22100B908E3 /* AppDelegate.m in Sources */,
				3A4539851E6CF22100B908E3 /* main.m in Sources */,
				3A4539DA1E6D543B00B908E3 /* NSData+Base64.m in Sources */,
				3A4539E31E6D6F3F00B908E3 /* RSAUtil.m in Sources */,
				3A4539AB1E6CFD1E00B908E3 /* NSString+Hashing.m in Sources */,
				3A4539AA1E6CFD1E00B908E3 /* NSString+MD5Addition.m in Sources */,
				3A4539B41E6D066B00B908E3 /* NSString+AES256.m in Sources */,
				3A4539BA1E6D3A2600B908E3 /* RSA.m in Sources */,
				3A4539B11E6D010C00B908E3 /* NSData+AES256.m in Sources */,
				3A45399C1E6CF7EF00B908E3 /* Base64Method.m in Sources */,
				3A4539DE1E6D543B00B908E3 /* RSAEncryptor.m in Sources */,
			);
			runOnlyForDeploymentPostprocessing = 0;
		};
/* End PBXSourcesBuildPhase section */

/* Begin PBXVariantGroup section */
		3A45398C1E6CF22100B908E3 /* Main.storyboard */ = {
			isa = PBXVariantGroup;
			children = (
				3A45398D1E6CF22100B908E3 /* Base */,
			);
			name = Main.storyboard;
			sourceTree = "<group>";
		};
		3A4539911E6CF22100B908E3 /* LaunchScreen.storyboard */ = {
			isa = PBXVariantGroup;
			children = (
				3A4539921E6CF22100B908E3 /* Base */,
			);
			name = LaunchScreen.storyboard;
			sourceTree = "<group>";
		};
/* End PBXVariantGroup section */

/* Begin XCBuildConfiguration section */
		3A4539951E6CF22100B908E3 /* Debug */ = {
			isa = XCBuildConfiguration;
			buildSettings = {
				ALWAYS_SEARCH_USER_PATHS = NO;
				CLANG_ANALYZER_NONNULL = YES;
				CLANG_CXX_LANGUAGE_STANDARD = "gnu++0x";
				CLANG_CXX_LIBRARY = "libc++";
				CLANG_ENABLE_MODULES = YES;
				CLANG_ENABLE_OBJC_ARC = YES;
				CLANG_WARN_BOOL_CONVERSION = YES;
				CLANG_WARN_CONSTANT_CONVERSION = YES;
				CLANG_WARN_DIRECT_OBJC_ISA_USAGE = YES_ERROR;
				CLANG_WARN_DOCUMENTATION_COMMENTS = YES;
				CLANG_WARN_EMPTY_BODY = YES;
				CLANG_WARN_ENUM_CONVERSION = YES;
				CLANG_WARN_INFINITE_RECURSION = YES;
				CLANG_WARN_INT_CONVERSION = YES;
				CLANG_WARN_OBJC_ROOT_CLASS = YES_ERROR;
				CLANG_WARN_SUSPICIOUS_MOVES = YES;
				CLANG_WARN_UNREACHABLE_CODE = YES;
				CLANG_WARN__DUPLICATE_METHOD_MATCH = YES;
				"CODE_SIGN_IDENTITY[sdk=iphoneos*]" = "iPhone Developer";
				COPY_PHASE_STRIP = NO;
				DEBUG_INFORMATION_FORMAT = dwarf;
				ENABLE_STRICT_OBJC_MSGSEND = YES;
				ENABLE_TESTABILITY = YES;
				GCC_C_LANGUAGE_STANDARD = gnu99;
				GCC_DYNAMIC_NO_PIC = NO;
				GCC_NO_COMMON_BLOCKS = YES;
				GCC_OPTIMIZATION_LEVEL = 0;
				GCC_PREPROCESSOR_DEFINITIONS = (
					"DEBUG=1",
					"$(inherited)",
				);
				GCC_WARN_64_TO_32_BIT_CONVERSION = YES;
				GCC_WARN_ABOUT_RETURN_TYPE = YES_ERROR;
				GCC_WARN_UNDECLARED_SELECTOR = YES;
				GCC_WARN_UNINITIALIZED_AUTOS = YES_AGGRESSIVE;
				GCC_WARN_UNUSED_FUNCTION = YES;
				GCC_WARN_UNUSED_VARIABLE = YES;
				IPHONEOS_DEPLOYMENT_TARGET = 10.1;
				MTL_ENABLE_DEBUG_INFO = YES;
				ONLY_ACTIVE_ARCH = YES;
				SDKROOT = iphoneos;
				TARGETED_DEVICE_FAMILY = "1,2";
			};
			name = Debug;
		};
		3A4539961E6CF22100B908E3 /* Release */ = {
			isa = XCBuildConfiguration;
			buildSettings = {
				ALWAYS_SEARCH_USER_PATHS = NO;
				CLANG_ANALYZER_NONNULL = YES;
				CLANG_CXX_LANGUAGE_STANDARD = "gnu++0x";
				CLANG_CXX_LIBRARY = "libc++";
				CLANG_ENABLE_MODULES = YES;
				CLANG_ENABLE_OBJC_ARC = YES;
				CLANG_WARN_BOOL_CONVERSION = YES;
				CLANG_WARN_CONSTANT_CONVERSION = YES;
				CLANG_WARN_DIRECT_OBJC_ISA_USAGE = YES_ERROR;
				CLANG_WARN_DOCUMENTATION_COMMENTS = YES;
				CLANG_WARN_EMPTY_BODY = YES;
				CLANG_WARN_ENUM_CONVERSION = YES;
				CLANG_WARN_INFINITE_RECURSION = YES;
				CLANG_WARN_INT_CONVERSION = YES;
				CLANG_WARN_OBJC_ROOT_CLASS = YES_ERROR;
				CLANG_WARN_SUSPICIOUS_MOVES = YES;
				CLANG_WARN_UNREACHABLE_CODE = YES;
				CLANG_WARN__DUPLICATE_METHOD_MATCH = YES;
				"CODE_SIGN_IDENTITY[sdk=iphoneos*]" = "iPhone Developer";
				COPY_PHASE_STRIP = NO;
				DEBUG_INFORMATION_FORMAT = "dwarf-with-dsym";
				ENABLE_NS_ASSERTIONS = NO;
				ENABLE_STRICT_OBJC_MSGSEND = YES;
				GCC_C_LANGUAGE_STANDARD = gnu99;
				GCC_NO_COMMON_BLOCKS = YES;
				GCC_WARN_64_TO_32_BIT_CONVERSION = YES;
				GCC_WARN_ABOUT_RETURN_TYPE = YES_ERROR;
				GCC_WARN_UNDECLARED_SELECTOR = YES;
				GCC_WARN_UNINITIALIZED_AUTOS = YES_AGGRESSIVE;
				GCC_WARN_UNUSED_FUNCTION = YES;
				GCC_WARN_UNUSED_VARIABLE = YES;
				IPHONEOS_DEPLOYMENT_TARGET = 10.1;
				MTL_ENABLE_DEBUG_INFO = NO;
				SDKROOT = iphoneos;
				TARGETED_DEVICE_FAMILY = "1,2";
				VALIDATE_PRODUCT = YES;
			};
			name = Release;
		};
		3A4539981E6CF22100B908E3 /* Debug */ = {
			isa = XCBuildConfiguration;
			buildSettings = {
				ASSETCATALOG_COMPILER_APPICON_NAME = AppIcon;
				CODE_SIGN_ENTITLEMENTS = AESDemo/AESDemo.entitlements;
				DEVELOPMENT_TEAM = YJRKEB8VKU;
				INFOPLIST_FILE = AESDemo/Info.plist;
				LD_RUNPATH_SEARCH_PATHS = "$(inherited) @executable_path/Frameworks";
				PRODUCT_BUNDLE_IDENTIFIER = com.Yioks.AESDemo;
				PRODUCT_NAME = "$(TARGET_NAME)";
			};
			name = Debug;
		};
		3A4539991E6CF22100B908E3 /* Release */ = {
			isa = XCBuildConfiguration;
			buildSettings = {
				ASSETCATALOG_COMPILER_APPICON_NAME = AppIcon;
				CODE_SIGN_ENTITLEMENTS = AESDemo/AESDemo.entitlements;
				DEVELOPMENT_TEAM = YJRKEB8VKU;
				INFOPLIST_FILE = AESDemo/Info.plist;
				LD_RUNPATH_SEARCH_PATHS = "$(inherited) @executable_path/Frameworks";
				PRODUCT_BUNDLE_IDENTIFIER = com.Yioks.AESDemo;
				PRODUCT_NAME = "$(TARGET_NAME)";
			};
			name = Release;
		};
/* End XCBuildConfiguration section */

/* Begin XCConfigurationList section */
		3A45397B1E6CF22100B908E3 /* Build configuration list for PBXProject "AESDemo" */ = {
			isa = XCConfigurationList;
			buildConfigurations = (
				3A4539951E6CF22100B908E3 /* Debug */,
				3A4539961E6CF22100B908E3 /* Release */,
			);
			defaultConfigurationIsVisible = 0;
			defaultConfigurationName = Release;
		};
		3A4539971E6CF22100B908E3 /* Build configuration list for PBXNativeTarget "AESDemo" */ = {
			isa = XCConfigurationList;
			buildConfigurations = (
				3A4539981E6CF22100B908E3 /* Debug */,
				3A4539991E6CF22100B908E3 /* Release */,
			);
			defaultConfigurationIsVisible = 0;
			defaultConfigurationName = Release;
		};
/* End XCConfigurationList section */
	};
	rootObject = 3A4539781E6CF22100B908E3 /* Project object */;
}
